{
  "nodes": {
    "flake-parts": {
      "inputs": {
        "nixpkgs-lib": [
          "nixpkgs"
        ]
      },
      "locked": {
        "lastModified": 1772408722,
        "narHash": "sha256-rHuJtdcOjK7rAHpHphUb1iCvgkU3GpfvicLMwwnfMT0=",
        "owner": "hercules-ci",
        "repo": "flake-parts",
        "rev": "f20dc5d9b8027381c474144ecabc9034d6a839a3",
        "type": "github"
      },
      "original": {
        "id": "flake-parts",
        "type": "indirect"
      }
    },
    "nixpkgs": {
      "locked": {
        "lastModified": 1773389992,
        "narHash": "sha256-wvfdLLWJ2I9oEpDd9PfMA8osfIZicoQ5MT1jIwNs9Tk=",
        "owner": "NixOS",
        "repo": "nixpkgs",
        "rev": "c06b4ae3d6599a672a6210b7021d699c351eebda",
        "type": "github"
      },
      "original": {
        "owner": "NixOS",
        "ref": "nixos-unstable",
        "repo": "nixpkgs",
        "type": "github"
      }
    },
    "root": {
      "inputs": {
        "flake-parts": "flake-parts",
        "nixpkgs": "nixpkgs"
      }
    }
  },
  "root": "root",
  "version": 7
}
