{
  "nodes": {
    "nixpkgs": {
      "locked": {
        "lastModified": 1733097829,
        "narHash": "sha256-9hbb1rqGelllb4kVUCZ307G2k3/UhmA8PPGBoyuWaSw=",
        "owner": "NixOS",
        "repo": "nixpkgs",
        "rev": "2c15aa59df0017ca140d9ba302412298ab4bf22a",
        "type": "github"
      },
      "original": {
        "id": "nixpkgs",
        "type": "indirect"
      }
    },
    "nixpkgs-nixops2": {
      "locked": {
        "lastModified": 1733220138,
        "narHash": "sha256-Yh5XZ9yVurrcYdNTSWxYgW4+EJ0pcOqgM1043z9JaRc=",
        "owner": "NixOS",
        "repo": "nixpkgs",
        "rev": "bcb68885668cccec12276bbb379f8f2557aa06ce",
        "type": "github"
      },
      "original": {
        "owner": "NixOS",
        "ref": "nixos-24.05",
        "repo": "nixpkgs",
        "type": "github"
      }
    },
    "root": {
      "inputs": {
        "nixpkgs": "nixpkgs",
        "nixpkgs-nixops2": "nixpkgs-nixops2"
      }
    }
  },
  "root": "root",
  "version": 7
}
